
Microsoft Visual Studio Solution File, Format Version 12.00
# Visual Studio Version 16
VisualStudioVersion = 16.0.31613.86
MinimumVisualStudioVersion = 10.0.40219.1
Project("{FAE04EC0-301F-11D3-BF4B-00C04F79EFBC}") = "Demo_homework01", "Demo_homework01\Demo_homework01.csproj", "{7608FA81-9AA2-45F6-9929-938FC35F8929}"
EndProject
Global
	GlobalSection(SolutionConfigurationPlatforms) = preSolution
		Debug|Any CPU = Debug|Any CPU
		Release|Any CPU = Release|Any CPU
	EndGlobalSection
	GlobalSection(ProjectConfigurationPlatforms) = postSolution
		{7608FA81-9AA2-45F6-9929-938FC35F8929}.Debug|Any CPU.ActiveCfg = Debug|Any CPU
		{7608FA81-9AA2-45F6-9929-938FC35F8929}.Debug|Any CPU.Build.0 = Debug|Any CPU
		{7608FA81-9AA2-45F6-9929-938FC35F8929}.Release|Any CPU.ActiveCfg = Release|Any CPU
		{7608FA81-9AA2-45F6-9929-938FC35F8929}.Release|Any CPU.Build.0 = Release|Any CPU
	EndGlobalSection
	GlobalSection(SolutionProperties) = preSolution
		HideSolutionNode = FALSE
	EndGlobalSection
	GlobalSection(ExtensibilityGlobals) = postSolution
		SolutionGuid = {0A75C1EA-1D9D-4F84-97FB-E2F778EAD434}
	EndGlobalSection
EndGlobal
