
Microsoft Visual Studio Solution File, Format Version 12.00
# Visual Studio Version 16
VisualStudioVersion = 16.0.31624.102
MinimumVisualStudioVersion = 10.0.40219.1
Project("{FAE04EC0-301F-11D3-BF4B-00C04F79EFBC}") = "Server01", "Server01\Server01.csproj", "{ABEFD3B7-C956-4DBD-8387-3316873330CB}"
EndProject
Project("{FAE04EC0-301F-11D3-BF4B-00C04F79EFBC}") = "Client01", "Client01\Client01.csproj", "{80BD31C2-3E3A-4A06-9B34-ABA59FD0ECF6}"
EndProject
Global
	GlobalSection(SolutionConfigurationPlatforms) = preSolution
		Debug|Any CPU = Debug|Any CPU
		Release|Any CPU = Release|Any CPU
	EndGlobalSection
	GlobalSection(ProjectConfigurationPlatforms) = postSolution
		{ABEFD3B7-C956-4DBD-8387-3316873330CB}.Debug|Any CPU.ActiveCfg = Debug|Any CPU
		{ABEFD3B7-C956-4DBD-8387-3316873330CB}.Debug|Any CPU.Build.0 = Debug|Any CPU
		{ABEFD3B7-C956-4DBD-8387-3316873330CB}.Release|Any CPU.ActiveCfg = Release|Any CPU
		{ABEFD3B7-C956-4DBD-8387-3316873330CB}.Release|Any CPU.Build.0 = Release|Any CPU
		{80BD31C2-3E3A-4A06-9B34-ABA59FD0ECF6}.Debug|Any CPU.ActiveCfg = Debug|Any CPU
		{80BD31C2-3E3A-4A06-9B34-ABA59FD0ECF6}.Debug|Any CPU.Build.0 = Debug|Any CPU
		{80BD31C2-3E3A-4A06-9B34-ABA59FD0ECF6}.Release|Any CPU.ActiveCfg = Release|Any CPU
		{80BD31C2-3E3A-4A06-9B34-ABA59FD0ECF6}.Release|Any CPU.Build.0 = Release|Any CPU
	EndGlobalSection
	GlobalSection(SolutionProperties) = preSolution
		HideSolutionNode = FALSE
	EndGlobalSection
	GlobalSection(ExtensibilityGlobals) = postSolution
		SolutionGuid = {DFEC3D6F-886C-4D4A-9B23-07473B38C688}
	EndGlobalSection
EndGlobal
